schema: '2.0'
stages:
  data_collection:
    cmd: python src/data_collection.py
    deps:
    - path: src/data_collection.py
      hash: md5
      md5: 6199874da46bedff92fce0b8ec947318
      size: 1662
    outs:
    - path: data/raw
      hash: md5
      md5: d751713988987e9331980363e24189ce.dir
      size: 0
      nfiles: 0
  pre_processing:
    cmd: python src/data_prep.py
    deps:
    - path: data/raw
      hash: md5
      md5: c0c2d65c14a603e91e029fda3c344a5c.dir
      size: 522262
      nfiles: 2
    - path: src/data_prep.py
      hash: md5
      md5: 6afb91f8e7e8441aa56eb9637aa66ea5
      size: 1961
    outs:
    - path: data/processed
      hash: md5
      md5: 0beb4adc62d83817b414bed6f535f487.dir
      size: 546895
      nfiles: 2
  model_building:
    cmd: python src/model_building.py
    deps:
    - path: data/processed
      hash: md5
      md5: 0beb4adc62d83817b414bed6f535f487.dir
      size: 546895
      nfiles: 2
    - path: src/model_building.py
      hash: md5
      md5: 69d83f3eba33e63f22db45b5ce5c7ced
      size: 1559
    outs:
    - path: model.pkl
      hash: md5
      md5: 73fc3fc47ce8fe8bf24416fd9f810743
      size: 7339471
  model_eval:
    cmd: python src/model_eval.py
    deps:
    - path: model.pkl
      hash: md5
      md5: 73fc3fc47ce8fe8bf24416fd9f810743
      size: 7339471
    - path: src/model_eval.py
      hash: md5
      md5: a3291c0601deb90915076458910d44c4
      size: 2446
    outs:
    - path: metrics.json
      hash: md5
      md5: 2f6188f1c7e984f462cba4daf68c5d29
      size: 145
